
Microsoft Visual Studio Solution File, Format Version 10.00
# Visual Studio 2008
Project("{FAE04EC0-301F-11D3-BF4B-00C04F79EFBC}") = "MapReduceDriver", "MapReduceDriver\MapReduceDriver.csproj", "{646080FD-4B01-4DCD-9667-647E6827152B}"
EndProject
Global
	GlobalSection(SolutionConfigurationPlatforms) = preSolution
		Debug|Any CPU = Debug|Any CPU
		Release|Any CPU = Release|Any CPU
	EndGlobalSection
	GlobalSection(ProjectConfigurationPlatforms) = postSolution
		{646080FD-4B01-4DCD-9667-647E6827152B}.Debug|Any CPU.ActiveCfg = Debug|Any CPU
		{646080FD-4B01-4DCD-9667-647E6827152B}.Debug|Any CPU.Build.0 = Debug|Any CPU
		{646080FD-4B01-4DCD-9667-647E6827152B}.Release|Any CPU.ActiveCfg = Release|Any CPU
		{646080FD-4B01-4DCD-9667-647E6827152B}.Release|Any CPU.Build.0 = Release|Any CPU
	EndGlobalSection
	GlobalSection(SolutionProperties) = preSolution
		HideSolutionNode = FALSE
	EndGlobalSection
EndGlobal
